
Microsoft Visual Studio Solution File, Format Version 12.00
# Visual Studio Version 16
VisualStudioVersion = 16.0.31321.278
MinimumVisualStudioVersion = 10.0.40219.1
Project("{FAE04EC0-301F-11D3-BF4B-00C04F79EFBC}") = "Reporting_AspNetMvc_Create_Custom_Control", "Reporting_AspNetMvc_Create_Custom_Control\Reporting_AspNetMvc_Create_Custom_Control.csproj", "{36EDC8C7-2572-449A-A7D7-655FE1E560E5}"
EndProject
Global
	GlobalSection(SolutionConfigurationPlatforms) = preSolution
		Debug|Any CPU = Debug|Any CPU
		Release|Any CPU = Release|Any CPU
	EndGlobalSection
	GlobalSection(ProjectConfigurationPlatforms) = postSolution
		{36EDC8C7-2572-449A-A7D7-655FE1E560E5}.Debug|Any CPU.ActiveCfg = Debug|Any CPU
		{36EDC8C7-2572-449A-A7D7-655FE1E560E5}.Debug|Any CPU.Build.0 = Debug|Any CPU
		{36EDC8C7-2572-449A-A7D7-655FE1E560E5}.Release|Any CPU.ActiveCfg = Release|Any CPU
		{36EDC8C7-2572-449A-A7D7-655FE1E560E5}.Release|Any CPU.Build.0 = Release|Any CPU
	EndGlobalSection
	GlobalSection(SolutionProperties) = preSolution
		HideSolutionNode = FALSE
	EndGlobalSection
	GlobalSection(ExtensibilityGlobals) = postSolution
		SolutionGuid = {0535F510-2A92-4160-84E0-A9DEC48B9B09}
	EndGlobalSection
EndGlobal
